# THIS IS AN AUTOGENERATED FILE. DO NOT EDIT THIS FILE DIRECTLY.
# yarn lockfile v1


"@bazel/bazelisk@^1.22.0":
  version "1.22.0"
  resolved "https://registry.yarnpkg.com/@bazel/bazelisk/-/bazelisk-1.22.0.tgz#654448f25258ebb5e4f3d60d75897e1329eee422"
  integrity sha512-GkMh1PdX1w5lHktztEWub4yzy8pmPK6/EvOsDT7XDALwTGnAxa6bPBT/6qzR992dp7zCJNsOxLJ6Gga/4SSEwA==
