# THIS IS AN AUTOGENERATED FILE. DO NOT EDIT THIS FILE DIRECTLY.
# yarn lockfile v1


"@bazel/bazelisk@^1.19.0":
  version "1.19.0"
  resolved "https://registry.yarnpkg.com/@bazel/bazelisk/-/bazelisk-1.19.0.tgz#de12b6920b2c5505a776fadc0c9e75daae930c32"
  integrity sha512-8PyRGRj/CN286IFHVILgYZ2lQ/JvgQ25ZEgoUAkpSnGmbPdQnKyHtTGEG+Sf0AISFqP5+PPzN162DcizZ/bR9w==
