# THIS IS AN AUTOGENERATED FILE. DO NOT EDIT THIS FILE DIRECTLY.
# yarn lockfile v1


"@bazel/bazelisk@^1.26.0":
  version "1.26.0"
  resolved "https://registry.yarnpkg.com/@bazel/bazelisk/-/bazelisk-1.26.0.tgz#2d35cfa6b57cc295a0f7b2dd1d025f1b76116236"
  integrity sha512-bTNcHdGyEQ9r7SczEYUa0gkEQhJo1ld2BjXI8fWBvsUeoHi03QpUs2HZgDbjjrpQFQqG2ZbO7ihZvH8MjhUTHw==
